// !$*UTF8*$!
{
	archiveVersion = 1;
	classes = {
	};
	objectVersion = 77;
	objects = {

/* Begin PBXBuildFile section */
		F60936602EF4395A0061EB46 /* PeerTubeSwift in Frameworks */ = {isa = PBXBuildFile; productRef = F609365F2EF4395A0061EB46 /* PeerTubeSwift */; };
/* End PBXBuildFile section */

/* Begin PBXContainerItemProxy section */
		F609360F2EF437D00061EB46 /* PBXContainerItemProxy */ = {
			isa = PBXContainerItemProxy;
			containerPortal = F60935F42EF437CD0061EB46 /* Project object */;
			proxyType = 1;
			remoteGlobalIDString = F60935FB2EF437CD0061EB46;
			remoteInfo = "PeerTube Swift";
		};
		F60936192EF437D00061EB46 /* PBXContainerItemProxy */ = {
			isa = PBXContainerItemProxy;
			containerPortal = F60935F42EF437CD0061EB46 /* Project object */;
			proxyType = 1;
			remoteGlobalIDString = F60935FB2EF437CD0061EB46;
			remoteInfo = "PeerTube Swift";
		};
/* End PBXContainerItemProxy section */

/* Begin PBXFileReference section */
		F60935FC2EF437CD0061EB46 /* PeerTube Swift.app */ = {isa = PBXFileReference; explicitFileType = wrapper.application; includeInIndex = 0; path = "PeerTube Swift.app"; sourceTree = BUILT_PRODUCTS_DIR; };
		F609360E2EF437D00061EB46 /* PeerTube SwiftTests.xctest */ = {isa = PBXFileReference; explicitFileType = wrapper.cfbundle; includeInIndex = 0; path = "PeerTube SwiftTests.xctest"; sourceTree = BUILT_PRODUCTS_DIR; };
		F60936182EF437D00061EB46 /* PeerTube SwiftUITests.xctest */ = {isa = PBXFileReference; explicitFileType = wrapper.cfbundle; includeInIndex = 0; path = "PeerTube SwiftUITests.xctest"; sourceTree = BUILT_PRODUCTS_DIR; };
/* End PBXFileReference section */

/* Begin PBXFileSystemSynchronizedRootGroup section */
		F60935FE2EF437CD0061EB46 /* PeerTube Swift */ = {
			isa = PBXFileSystemSynchronizedRootGroup;
			path = "PeerTube Swift";
			sourceTree = "<group>";
		};
		F60936112EF437D00061EB46 /* PeerTube SwiftTests */ = {
			isa = PBXFileSystemSynchronizedRootGroup;
			path = "PeerTube SwiftTests";
			sourceTree = "<group>";
		};
		F609361B2EF437D00061EB46 /* PeerTube SwiftUITests */ = {
			isa = PBXFileSystemSynchronizedRootGroup;
			path = "PeerTube SwiftUITests";
			sourceTree = "<group>";
		};
/* End PBXFileSystemSynchronizedRootGroup section */

/* Begin PBXFrameworksBuildPhase section */
		F60935F92EF437CD0061EB46 /* Frameworks */ = {
			isa = PBXFrameworksBuildPhase;
			buildActionMask = 2147483647;
			files = (
				F60936602EF4395A0061EB46 /* PeerTubeSwift in Frameworks */,
			);
			runOnlyForDeploymentPostprocessing = 0;
		};
		F609360B2EF437D00061EB46 /* Frameworks */ = {
			isa = PBXFrameworksBuildPhase;
			buildActionMask = 2147483647;
			files = (
			);
			runOnlyForDeploymentPostprocessing = 0;
		};
		F60936152EF437D00061EB46 /* Frameworks */ = {
			isa = PBXFrameworksBuildPhase;
			buildActionMask = 2147483647;
			files = (
			);
			runOnlyForDeploymentPostprocessing = 0;
		};
/* End PBXFrameworksBuildPhase section */

/* Begin PBXGroup section */
		F60935F32EF437CD0061EB46 = {
			isa = PBXGroup;
			children = (
				F60935FE2EF437CD0061EB46 /* PeerTube Swift */,
				F60936112EF437D00061EB46 /* PeerTube SwiftTests */,
				F609361B2EF437D00061EB46 /* PeerTube SwiftUITests */,
				F60935FD2EF437CD0061EB46 /* Products */,
			);
			sourceTree = "<group>";
		};
		F60935FD2EF437CD0061EB46 /* Products */ = {
			isa = PBXGroup;
			children = (
				F60935FC2EF437CD0061EB46 /* PeerTube Swift.app */,
				F609360E2EF437D00061EB46 /* PeerTube SwiftTests.xctest */,
				F60936182EF437D00061EB46 /* PeerTube SwiftUITests.xctest */,
			);
			name = Products;
			sourceTree = "<group>";
		};
/* End PBXGroup section */

/* Begin PBXNativeTarget section */
		F60935FB2EF437CD0061EB46 /* PeerTube Swift */ = {
			isa = PBXNativeTarget;
			buildConfigurationList = F60936222EF437D00061EB46 /* Build configuration list for PBXNativeTarget "PeerTube Swift" */;
			buildPhases = (
				F60935F82EF437CD0061EB46 /* Sources */,
				F60935F92EF437CD0061EB46 /* Frameworks */,
				F60935FA2EF437CD0061EB46 /* Resources */,
			);
			buildRules = (
			);
			dependencies = (
			);
			fileSystemSynchronizedGroups = (
				F60935FE2EF437CD0061EB46 /* PeerTube Swift */,
			);
			name = "PeerTube Swift";
			packageProductDependencies = (
				F609365F2EF4395A0061EB46 /* PeerTubeSwift */,
			);
			productName = "PeerTube Swift";
			productReference = F60935FC2EF437CD0061EB46 /* PeerTube Swift.app */;
			productType = "com.apple.product-type.application";
		};
		F609360D2EF437D00061EB46 /* PeerTube SwiftTests */ = {
			isa = PBXNativeTarget;
			buildConfigurationList = F60936252EF437D00061EB46 /* Build configuration list for PBXNativeTarget "PeerTube SwiftTests" */;
			buildPhases = (
				F609360A2EF437D00061EB46 /* Sources */,
				F609360B2EF437D00061EB46 /* Frameworks */,
				F609360C2EF437D00061EB46 /* Resources */,
			);
			buildRules = (
			);
			dependencies = (
				F60936102EF437D00061EB46 /* PBXTargetDependency */,
			);
			fileSystemSynchronizedGroups = (
				F60936112EF437D00061EB46 /* PeerTube SwiftTests */,
			);
			name = "PeerTube SwiftTests";
			packageProductDependencies = (
			);
			productName = "PeerTube SwiftTests";
			productReference = F609360E2EF437D00061EB46 /* PeerTube SwiftTests.xctest */;
			productType = "com.apple.product-type.bundle.unit-test";
		};
		F60936172EF437D00061EB46 /* PeerTube SwiftUITests */ = {
			isa = PBXNativeTarget;
			buildConfigurationList = F60936282EF437D00061EB46 /* Build configuration list for PBXNativeTarget "PeerTube SwiftUITests" */;
			buildPhases = (
				F60936142EF437D00061EB46 /* Sources */,
				F60936152EF437D00061EB46 /* Frameworks */,
				F60936162EF437D00061EB46 /* Resources */,
			);
			buildRules = (
			);
			dependencies = (
				F609361A2EF437D00061EB46 /* PBXTargetDependency */,
			);
			fileSystemSynchronizedGroups = (
				F609361B2EF437D00061EB46 /* PeerTube SwiftUITests */,
			);
			name = "PeerTube SwiftUITests";
			packageProductDependencies = (
			);
			productName = "PeerTube SwiftUITests";
			productReference = F60936182EF437D00061EB46 /* PeerTube SwiftUITests.xctest */;
			productType = "com.apple.product-type.bundle.ui-testing";
		};
/* End PBXNativeTarget section */

/* Begin PBXProject section */
		F60935F42EF437CD0061EB46 /* Project object */ = {
			isa = PBXProject;
			attributes = {
				BuildIndependentTargetsInParallel = 1;
				LastSwiftUpdateCheck = 2620;
				LastUpgradeCheck = 2620;
				TargetAttributes = {
					F60935FB2EF437CD0061EB46 = {
						CreatedOnToolsVersion = 26.2;
					};
					F609360D2EF437D00061EB46 = {
						CreatedOnToolsVersion = 26.2;
						TestTargetID = F60935FB2EF437CD0061EB46;
					};
					F60936172EF437D00061EB46 = {
						CreatedOnToolsVersion = 26.2;
						TestTargetID = F60935FB2EF437CD0061EB46;
					};
				};
			};
			buildConfigurationList = F60935F72EF437CD0061EB46 /* Build configuration list for PBXProject "PeerTube Swift" */;
			developmentRegion = en;
			hasScannedForEncodings = 0;
			knownRegions = (
				en,
				Base,
			);
			mainGroup = F60935F32EF437CD0061EB46;
			minimizedProjectReferenceProxies = 1;
			packageReferences = (
				F609365E2EF4395A0061EB46 /* XCLocalSwiftPackageReference "../../PeerTubeSwift" */,
			);
			preferredProjectObjectVersion = 77;
			productRefGroup = F60935FD2EF437CD0061EB46 /* Products */;
			projectDirPath = "";
			projectRoot = "";
			targets = (
				F60935FB2EF437CD0061EB46 /* PeerTube Swift */,
				F609360D2EF437D00061EB46 /* PeerTube SwiftTests */,
				F60936172EF437D00061EB46 /* PeerTube SwiftUITests */,
			);
		};
/* End PBXProject section */

/* Begin PBXResourcesBuildPhase section */
		F60935FA2EF437CD0061EB46 /* Resources */ = {
			isa = PBXResourcesBuildPhase;
			buildActionMask = 2147483647;
			files = (
			);
			runOnlyForDeploymentPostprocessing = 0;
		};
		F609360C2EF437D00061EB46 /* Resources */ = {
			isa = PBXResourcesBuildPhase;
			buildActionMask = 2147483647;
			files = (
			);
			runOnlyForDeploymentPostprocessing = 0;
		};
		F60936162EF437D00061EB46 /* Resources */ = {
			isa = PBXResourcesBuildPhase;
			buildActionMask = 2147483647;
			files = (
			);
			runOnlyForDeploymentPostprocessing = 0;
		};
/* End PBXResourcesBuildPhase section */

/* Begin PBXSourcesBuildPhase section */
		F60935F82EF437CD0061EB46 /* Sources */ = {
			isa = PBXSourcesBuildPhase;
			buildActionMask = 2147483647;
			files = (
			);
			runOnlyForDeploymentPostprocessing = 0;
		};
		F609360A2EF437D00061EB46 /* Sources */ = {
			isa = PBXSourcesBuildPhase;
			buildActionMask = 2147483647;
			files = (
			);
			runOnlyForDeploymentPostprocessing = 0;
		};
		F60936142EF437D00061EB46 /* Sources */ = {
			isa = PBXSourcesBuildPhase;
			buildActionMask = 2147483647;
			files = (
			);
			runOnlyForDeploymentPostprocessing = 0;
		};
/* End PBXSourcesBuildPhase section */

/* Begin PBXTargetDependency section */
		F60936102EF437D00061EB46 /* PBXTargetDependency */ = {
			isa = PBXTargetDependency;
			target = F60935FB2EF437CD0061EB46 /* PeerTube Swift */;
			targetProxy = F609360F2EF437D00061EB46 /* PBXContainerItemProxy */;
		};
		F609361A2EF437D00061EB46 /* PBXTargetDependency */ = {
			isa = PBXTargetDependency;
			target = F60935FB2EF437CD0061EB46 /* PeerTube Swift */;
			targetProxy = F60936192EF437D00061EB46 /* PBXContainerItemProxy */;
		};
/* End PBXTargetDependency section */

/* Begin XCBuildConfiguration section */
		F60936202EF437D00061EB46 /* Debug */ = {
			isa = XCBuildConfiguration;
			buildSettings = {
				ALWAYS_SEARCH_USER_PATHS = NO;
				ASSETCATALOG_COMPILER_GENERATE_SWIFT_ASSET_SYMBOL_EXTENSIONS = YES;
				CLANG_ANALYZER_NONNULL = YES;
				CLANG_ANALYZER_NUMBER_OBJECT_CONVERSION = YES_AGGRESSIVE;
				CLANG_CXX_LANGUAGE_STANDARD = "gnu++20";
				CLANG_ENABLE_MODULES = YES;
				CLANG_ENABLE_OBJC_ARC = YES;
				CLANG_ENABLE_OBJC_WEAK = YES;
				CLANG_WARN_BLOCK_CAPTURE_AUTORELEASING = YES;
				CLANG_WARN_BOOL_CONVERSION = YES;
				CLANG_WARN_COMMA = YES;
				CLANG_WARN_CONSTANT_CONVERSION = YES;
				CLANG_WARN_DEPRECATED_OBJC_IMPLEMENTATIONS = YES;
				CLANG_WARN_DIRECT_OBJC_ISA_USAGE = YES_ERROR;
				CLANG_WARN_DOCUMENTATION_COMMENTS = YES;
				CLANG_WARN_EMPTY_BODY = YES;
				CLANG_WARN_ENUM_CONVERSION = YES;
				CLANG_WARN_INFINITE_RECURSION = YES;
				CLANG_WARN_INT_CONVERSION = YES;
				CLANG_WARN_NON_LITERAL_NULL_CONVERSION = YES;
				CLANG_WARN_OBJC_IMPLICIT_RETAIN_SELF = YES;
				CLANG_WARN_OBJC_LITERAL_CONVERSION = YES;
				CLANG_WARN_OBJC_ROOT_CLASS = YES_ERROR;
				CLANG_WARN_QUOTED_INCLUDE_IN_FRAMEWORK_HEADER = YES;
				CLANG_WARN_RANGE_LOOP_ANALYSIS = YES;
				CLANG_WARN_STRICT_PROTOTYPES = YES;
				CLANG_WARN_SUSPICIOUS_MOVE = YES;
				CLANG_WARN_UNGUARDED_AVAILABILITY = YES_AGGRESSIVE;
				CLANG_WARN_UNREACHABLE_CODE = YES;
				CLANG_WARN__DUPLICATE_METHOD_MATCH = YES;
				COPY_PHASE_STRIP = NO;
				DEBUG_INFORMATION_FORMAT = dwarf;
				ENABLE_STRICT_OBJC_MSGSEND = YES;
				ENABLE_TESTABILITY = YES;
				ENABLE_USER_SCRIPT_SANDBOXING = YES;
				GCC_C_LANGUAGE_STANDARD = gnu17;
				GCC_DYNAMIC_NO_PIC = NO;
				GCC_NO_COMMON_BLOCKS = YES;
				GCC_OPTIMIZATION_LEVEL = 0;
				GCC_PREPROCESSOR_DEFINITIONS = (
					"DEBUG=1",
					"$(inherited)",
				);
				GCC_WARN_64_TO_32_BIT_CONVERSION = YES;
				GCC_WARN_ABOUT_RETURN_TYPE = YES_ERROR;
				GCC_WARN_UNDECLARED_SELECTOR = YES;
				GCC_WARN_UNINITIALIZED_AUTOS = YES_AGGRESSIVE;
				GCC_WARN_UNUSED_FUNCTION = YES;
				GCC_WARN_UNUSED_VARIABLE = YES;
				IPHONEOS_DEPLOYMENT_TARGET = 26.2;
				LOCALIZATION_PREFERS_STRING_CATALOGS = YES;
				MTL_ENABLE_DEBUG_INFO = INCLUDE_SOURCE;
				MTL_FAST_MATH = YES;
				ONLY_ACTIVE_ARCH = YES;
				SDKROOT = iphoneos;
				SWIFT_ACTIVE_COMPILATION_CONDITIONS = "DEBUG $(inherited)";
				SWIFT_OPTIMIZATION_LEVEL = "-Onone";
			};
			name = Debug;
		};
		F60936212EF437D00061EB46 /* Release */ = {
			isa = XCBuildConfiguration;
			buildSettings = {
				ALWAYS_SEARCH_USER_PATHS = NO;
				ASSETCATALOG_COMPILER_GENERATE_SWIFT_ASSET_SYMBOL_EXTENSIONS = YES;
				CLANG_ANALYZER_NONNULL = YES;
				CLANG_ANALYZER_NUMBER_OBJECT_CONVERSION = YES_AGGRESSIVE;
				CLANG_CXX_LANGUAGE_STANDARD = "gnu++20";
				CLANG_ENABLE_MODULES = YES;
				CLANG_ENABLE_OBJC_ARC = YES;
				CLANG_ENABLE_OBJC_WEAK = YES;
				CLANG_WARN_BLOCK_CAPTURE_AUTORELEASING = YES;
				CLANG_WARN_BOOL_CONVERSION = YES;
				CLANG_WARN_COMMA = YES;
				CLANG_WARN_CONSTANT_CONVERSION = YES;
				CLANG_WARN_DEPRECATED_OBJC_IMPLEMENTATIONS = YES;
				CLANG_WARN_DIRECT_OBJC_ISA_USAGE = YES_ERROR;
				CLANG_WARN_DOCUMENTATION_COMMENTS = YES;
				CLANG_WARN_EMPTY_BODY = YES;
				CLANG_WARN_ENUM_CONVERSION = YES;
				CLANG_WARN_INFINITE_RECURSION = YES;
				CLANG_WARN_INT_CONVERSION = YES;
				CLANG_WARN_NON_LITERAL_NULL_CONVERSION = YES;
				CLANG_WARN_OBJC_IMPLICIT_RETAIN_SELF = YES;
				CLANG_WARN_OBJC_LITERAL_CONVERSION = YES;
				CLANG_WARN_OBJC_ROOT_CLASS = YES_ERROR;
				CLANG_WARN_QUOTED_INCLUDE_IN_FRAMEWORK_HEADER = YES;
				CLANG_WARN_RANGE_LOOP_ANALYSIS = YES;
				CLANG_WARN_STRICT_PROTOTYPES = YES;
				CLANG_WARN_SUSPICIOUS_MOVE = YES;
				CLANG_WARN_UNGUARDED_AVAILABILITY = YES_AGGRESSIVE;
				CLANG_WARN_UNREACHABLE_CODE = YES;
				CLANG_WARN__DUPLICATE_METHOD_MATCH = YES;
				COPY_PHASE_STRIP = NO;
				DEBUG_INFORMATION_FORMAT = "dwarf-with-dsym";
				ENABLE_NS_ASSERTIONS = NO;
				ENABLE_STRICT_OBJC_MSGSEND = YES;
				ENABLE_USER_SCRIPT_SANDBOXING = YES;
				GCC_C_LANGUAGE_STANDARD = gnu17;
				GCC_NO_COMMON_BLOCKS = YES;
				GCC_WARN_64_TO_32_BIT_CONVERSION = YES;
				GCC_WARN_ABOUT_RETURN_TYPE = YES_ERROR;
				GCC_WARN_UNDECLARED_SELECTOR = YES;
				GCC_WARN_UNINITIALIZED_AUTOS = YES_AGGRESSIVE;
				GCC_WARN_UNUSED_FUNCTION = YES;
				GCC_WARN_UNUSED_VARIABLE = YES;
				IPHONEOS_DEPLOYMENT_TARGET = 26.2;
				LOCALIZATION_PREFERS_STRING_CATALOGS = YES;
				MTL_ENABLE_DEBUG_INFO = NO;
				MTL_FAST_MATH = YES;
				SDKROOT = iphoneos;
				SWIFT_COMPILATION_MODE = wholemodule;
				VALIDATE_PRODUCT = YES;
			};
			name = Release;
		};
		F60936232EF437D00061EB46 /* Debug */ = {
			isa = XCBuildConfiguration;
			buildSettings = {
				ASSETCATALOG_COMPILER_APPICON_NAME = AppIcon;
				ASSETCATALOG_COMPILER_GLOBAL_ACCENT_COLOR_NAME = AccentColor;
				CODE_SIGN_STYLE = Automatic;
				CURRENT_PROJECT_VERSION = 1;
				DEVELOPMENT_TEAM = 855632PAQ8;
				ENABLE_PREVIEWS = YES;
				GENERATE_INFOPLIST_FILE = YES;
				INFOPLIST_KEY_UIApplicationSceneManifest_Generation = YES;
				INFOPLIST_KEY_UIApplicationSupportsIndirectInputEvents = YES;
				INFOPLIST_KEY_UILaunchScreen_Generation = YES;
				INFOPLIST_KEY_UISupportedInterfaceOrientations_iPad = "UIInterfaceOrientationPortrait UIInterfaceOrientationPortraitUpsideDown UIInterfaceOrientationLandscapeLeft UIInterfaceOrientationLandscapeRight";
				INFOPLIST_KEY_UISupportedInterfaceOrientations_iPhone = "UIInterfaceOrientationPortrait UIInterfaceOrientationLandscapeLeft UIInterfaceOrientationLandscapeRight";
				IPHONEOS_DEPLOYMENT_TARGET = 26.0;
				LD_RUNPATH_SEARCH_PATHS = (
					"$(inherited)",
					"@executable_path/Frameworks",
				);
				MARKETING_VERSION = 1.0;
				PRODUCT_BUNDLE_IDENTIFIER = "design.woven.PeerTube-Swift";
				PRODUCT_NAME = "$(TARGET_NAME)";
				STRING_CATALOG_GENERATE_SYMBOLS = YES;
				SWIFT_APPROACHABLE_CONCURRENCY = YES;
				SWIFT_DEFAULT_ACTOR_ISOLATION = MainActor;
				SWIFT_EMIT_LOC_STRINGS = YES;
				SWIFT_UPCOMING_FEATURE_MEMBER_IMPORT_VISIBILITY = YES;
				SWIFT_VERSION = 5.0;
				TARGETED_DEVICE_FAMILY = "1,2";
			};
			name = Debug;
		};
		F60936242EF437D00061EB46 /* Release */ = {
			isa = XCBuildConfiguration;
			buildSettings = {
				ASSETCATALOG_COMPILER_APPICON_NAME = AppIcon;
				ASSETCATALOG_COMPILER_GLOBAL_ACCENT_COLOR_NAME = AccentColor;
				CODE_SIGN_STYLE = Automatic;
				CURRENT_PROJECT_VERSION = 1;
				DEVELOPMENT_TEAM = 855632PAQ8;
				ENABLE_PREVIEWS = YES;
				GENERATE_INFOPLIST_FILE = YES;
				INFOPLIST_KEY_UIApplicationSceneManifest_Generation = YES;
				INFOPLIST_KEY_UIApplicationSupportsIndirectInputEvents = YES;
				INFOPLIST_KEY_UILaunchScreen_Generation = YES;
				INFOPLIST_KEY_UISupportedInterfaceOrientations_iPad = "UIInterfaceOrientationPortrait UIInterfaceOrientationPortraitUpsideDown UIInterfaceOrientationLandscapeLeft UIInterfaceOrientationLandscapeRight";
				INFOPLIST_KEY_UISupportedInterfaceOrientations_iPhone = "UIInterfaceOrientationPortrait UIInterfaceOrientationLandscapeLeft UIInterfaceOrientationLandscapeRight";
				IPHONEOS_DEPLOYMENT_TARGET = 26.0;
				LD_RUNPATH_SEARCH_PATHS = (
					"$(inherited)",
					"@executable_path/Frameworks",
				);
				MARKETING_VERSION = 1.0;
				PRODUCT_BUNDLE_IDENTIFIER = "design.woven.PeerTube-Swift";
				PRODUCT_NAME = "$(TARGET_NAME)";
				STRING_CATALOG_GENERATE_SYMBOLS = YES;
				SWIFT_APPROACHABLE_CONCURRENCY = YES;
				SWIFT_DEFAULT_ACTOR_ISOLATION = MainActor;
				SWIFT_EMIT_LOC_STRINGS = YES;
				SWIFT_UPCOMING_FEATURE_MEMBER_IMPORT_VISIBILITY = YES;
				SWIFT_VERSION = 5.0;
				TARGETED_DEVICE_FAMILY = "1,2";
			};
			name = Release;
		};
		F60936262EF437D00061EB46 /* Debug */ = {
			isa = XCBuildConfiguration;
			buildSettings = {
				BUNDLE_LOADER = "$(TEST_HOST)";
				CODE_SIGN_STYLE = Automatic;
				CURRENT_PROJECT_VERSION = 1;
				GENERATE_INFOPLIST_FILE = YES;
				IPHONEOS_DEPLOYMENT_TARGET = 26.2;
				MARKETING_VERSION = 1.0;
				PRODUCT_BUNDLE_IDENTIFIER = "design.woven.PeerTube-SwiftTests";
				PRODUCT_NAME = "$(TARGET_NAME)";
				STRING_CATALOG_GENERATE_SYMBOLS = NO;
				SWIFT_APPROACHABLE_CONCURRENCY = YES;
				SWIFT_EMIT_LOC_STRINGS = NO;
				SWIFT_UPCOMING_FEATURE_MEMBER_IMPORT_VISIBILITY = YES;
				SWIFT_VERSION = 5.0;
				TARGETED_DEVICE_FAMILY = "1,2";
				TEST_HOST = "$(BUILT_PRODUCTS_DIR)/PeerTube Swift.app/$(BUNDLE_EXECUTABLE_FOLDER_PATH)/PeerTube Swift";
			};
			name = Debug;
		};
		F60936272EF437D00061EB46 /* Release */ = {
			isa = XCBuildConfiguration;
			buildSettings = {
				BUNDLE_LOADER = "$(TEST_HOST)";
				CODE_SIGN_STYLE = Automatic;
				CURRENT_PROJECT_VERSION = 1;
				GENERATE_INFOPLIST_FILE = YES;
				IPHONEOS_DEPLOYMENT_TARGET = 26.2;
				MARKETING_VERSION = 1.0;
				PRODUCT_BUNDLE_IDENTIFIER = "design.woven.PeerTube-SwiftTests";
				PRODUCT_NAME = "$(TARGET_NAME)";
				STRING_CATALOG_GENERATE_SYMBOLS = NO;
				SWIFT_APPROACHABLE_CONCURRENCY = YES;
				SWIFT_EMIT_LOC_STRINGS = NO;
				SWIFT_UPCOMING_FEATURE_MEMBER_IMPORT_VISIBILITY = YES;
				SWIFT_VERSION = 5.0;
				TARGETED_DEVICE_FAMILY = "1,2";
				TEST_HOST = "$(BUILT_PRODUCTS_DIR)/PeerTube Swift.app/$(BUNDLE_EXECUTABLE_FOLDER_PATH)/PeerTube Swift";
			};
			name = Release;
		};
		F60936292EF437D00061EB46 /* Debug */ = {
			isa = XCBuildConfiguration;
			buildSettings = {
				CODE_SIGN_STYLE = Automatic;
				CURRENT_PROJECT_VERSION = 1;
				GENERATE_INFOPLIST_FILE = YES;
				MARKETING_VERSION = 1.0;
				PRODUCT_BUNDLE_IDENTIFIER = "design.woven.PeerTube-SwiftUITests";
				PRODUCT_NAME = "$(TARGET_NAME)";
				STRING_CATALOG_GENERATE_SYMBOLS = NO;
				SWIFT_APPROACHABLE_CONCURRENCY = YES;
				SWIFT_EMIT_LOC_STRINGS = NO;
				SWIFT_UPCOMING_FEATURE_MEMBER_IMPORT_VISIBILITY = YES;
				SWIFT_VERSION = 5.0;
				TARGETED_DEVICE_FAMILY = "1,2";
				TEST_TARGET_NAME = "PeerTube Swift";
			};
			name = Debug;
		};
		F609362A2EF437D00061EB46 /* Release */ = {
			isa = XCBuildConfiguration;
			buildSettings = {
				CODE_SIGN_STYLE = Automatic;
				CURRENT_PROJECT_VERSION = 1;
				GENERATE_INFOPLIST_FILE = YES;
				MARKETING_VERSION = 1.0;
				PRODUCT_BUNDLE_IDENTIFIER = "design.woven.PeerTube-SwiftUITests";
				PRODUCT_NAME = "$(TARGET_NAME)";
				STRING_CATALOG_GENERATE_SYMBOLS = NO;
				SWIFT_APPROACHABLE_CONCURRENCY = YES;
				SWIFT_EMIT_LOC_STRINGS = NO;
				SWIFT_UPCOMING_FEATURE_MEMBER_IMPORT_VISIBILITY = YES;
				SWIFT_VERSION = 5.0;
				TARGETED_DEVICE_FAMILY = "1,2";
				TEST_TARGET_NAME = "PeerTube Swift";
			};
			name = Release;
		};
/* End XCBuildConfiguration section */

/* Begin XCConfigurationList section */
		F60935F72EF437CD0061EB46 /* Build configuration list for PBXProject "PeerTube Swift" */ = {
			isa = XCConfigurationList;
			buildConfigurations = (
				F60936202EF437D00061EB46 /* Debug */,
				F60936212EF437D00061EB46 /* Release */,
			);
			defaultConfigurationIsVisible = 0;
			defaultConfigurationName = Release;
		};
		F60936222EF437D00061EB46 /* Build configuration list for PBXNativeTarget "PeerTube Swift" */ = {
			isa = XCConfigurationList;
			buildConfigurations = (
				F60936232EF437D00061EB46 /* Debug */,
				F60936242EF437D00061EB46 /* Release */,
			);
			defaultConfigurationIsVisible = 0;
			defaultConfigurationName = Release;
		};
		F60936252EF437D00061EB46 /* Build configuration list for PBXNativeTarget "PeerTube SwiftTests" */ = {
			isa = XCConfigurationList;
			buildConfigurations = (
				F60936262EF437D00061EB46 /* Debug */,
				F60936272EF437D00061EB46 /* Release */,
			);
			defaultConfigurationIsVisible = 0;
			defaultConfigurationName = Release;
		};
		F60936282EF437D00061EB46 /* Build configuration list for PBXNativeTarget "PeerTube SwiftUITests" */ = {
			isa = XCConfigurationList;
			buildConfigurations = (
				F60936292EF437D00061EB46 /* Debug */,
				F609362A2EF437D00061EB46 /* Release */,
			);
			defaultConfigurationIsVisible = 0;
			defaultConfigurationName = Release;
		};
/* End XCConfigurationList section */

/* Begin XCLocalSwiftPackageReference section */
		F609365E2EF4395A0061EB46 /* XCLocalSwiftPackageReference "../../PeerTubeSwift" */ = {
			isa = XCLocalSwiftPackageReference;
			relativePath = ../../PeerTubeSwift;
		};
/* End XCLocalSwiftPackageReference section */

/* Begin XCSwiftPackageProductDependency section */
		F609365F2EF4395A0061EB46 /* PeerTubeSwift */ = {
			isa = XCSwiftPackageProductDependency;
			productName = PeerTubeSwift;
		};
/* End XCSwiftPackageProductDependency section */
	};
	rootObject = F60935F42EF437CD0061EB46 /* Project object */;
}
